
Microsoft Visual Studio Solution File, Format Version 12.00
# Visual Studio Version 17
VisualStudioVersion = 17.0.31919.166
MinimumVisualStudioVersion = 10.0.40219.1
Project("{9A19103F-16F7-4668-BE54-9A1E7A4F7556}") = "Practical.ReverseProxy.Api", "Practical.ReverseProxy.Api\Practical.ReverseProxy.Api.csproj", "{D3D956C3-FDCF-4CEC-A11E-DEA5F363FBCD}"
EndProject
Project("{9A19103F-16F7-4668-BE54-9A1E7A4F7556}") = "Practical.ReverseProxy.Client", "Practical.ReverseProxy.Client\Practical.ReverseProxy.Client.csproj", "{DB8C9D22-1E52-45C8-9144-6805A55F7CED}"
EndProject
Project("{FAE04EC0-301F-11D3-BF4B-00C04F79EFBC}") = "Practical.ReverseProxy.NetFramework", "Practical.ReverseProxy.NetFramework\Practical.ReverseProxy.NetFramework.csproj", "{5C0EFEA0-9AE5-42FA-87CE-CFBD16814C44}"
EndProject
Project("{9A19103F-16F7-4668-BE54-9A1E7A4F7556}") = "Practical.ReverseProxy.NetCore", "Practical.ReverseProxy.NetCore\Practical.ReverseProxy.NetCore.csproj", "{1672405E-29A4-44D8-9AB4-8F9391DF578F}"
EndProject
Project("{9A19103F-16F7-4668-BE54-9A1E7A4F7556}") = "Practical.ReverseProxy.Ocelot", "Practical.ReverseProxy.Ocelot\Practical.ReverseProxy.Ocelot.csproj", "{4EC0C6BB-8760-4FD7-B0BC-AED41A9DC5E6}"
EndProject
Project("{FAE04EC0-301F-11D3-BF4B-00C04F79EFBC}") = "Practical.ReverseProxy.Yarp", "Practical.ReverseProxy.Yarp\Practical.ReverseProxy.Yarp.csproj", "{20CC066B-6C0D-4697-AA24-39E6437337CC}"
EndProject
Global
	GlobalSection(SolutionConfigurationPlatforms) = preSolution
		Debug|Any CPU = Debug|Any CPU
		Release|Any CPU = Release|Any CPU
	EndGlobalSection
	GlobalSection(ProjectConfigurationPlatforms) = postSolution
		{D3D956C3-FDCF-4CEC-A11E-DEA5F363FBCD}.Debug|Any CPU.ActiveCfg = Debug|Any CPU
		{D3D956C3-FDCF-4CEC-A11E-DEA5F363FBCD}.Debug|Any CPU.Build.0 = Debug|Any CPU
		{D3D956C3-FDCF-4CEC-A11E-DEA5F363FBCD}.Release|Any CPU.ActiveCfg = Release|Any CPU
		{D3D956C3-FDCF-4CEC-A11E-DEA5F363FBCD}.Release|Any CPU.Build.0 = Release|Any CPU
		{DB8C9D22-1E52-45C8-9144-6805A55F7CED}.Debug|Any CPU.ActiveCfg = Debug|Any CPU
		{DB8C9D22-1E52-45C8-9144-6805A55F7CED}.Debug|Any CPU.Build.0 = Debug|Any CPU
		{DB8C9D22-1E52-45C8-9144-6805A55F7CED}.Release|Any CPU.ActiveCfg = Release|Any CPU
		{DB8C9D22-1E52-45C8-9144-6805A55F7CED}.Release|Any CPU.Build.0 = Release|Any CPU
		{5C0EFEA0-9AE5-42FA-87CE-CFBD16814C44}.Debug|Any CPU.ActiveCfg = Debug|Any CPU
		{5C0EFEA0-9AE5-42FA-87CE-CFBD16814C44}.Debug|Any CPU.Build.0 = Debug|Any CPU
		{5C0EFEA0-9AE5-42FA-87CE-CFBD16814C44}.Release|Any CPU.ActiveCfg = Release|Any CPU
		{5C0EFEA0-9AE5-42FA-87CE-CFBD16814C44}.Release|Any CPU.Build.0 = Release|Any CPU
		{1672405E-29A4-44D8-9AB4-8F9391DF578F}.Debug|Any CPU.ActiveCfg = Debug|Any CPU
		{1672405E-29A4-44D8-9AB4-8F9391DF578F}.Debug|Any CPU.Build.0 = Debug|Any CPU
		{1672405E-29A4-44D8-9AB4-8F9391DF578F}.Release|Any CPU.ActiveCfg = Release|Any CPU
		{1672405E-29A4-44D8-9AB4-8F9391DF578F}.Release|Any CPU.Build.0 = Release|Any CPU
		{4EC0C6BB-8760-4FD7-B0BC-AED41A9DC5E6}.Debug|Any CPU.ActiveCfg = Debug|Any CPU
		{4EC0C6BB-8760-4FD7-B0BC-AED41A9DC5E6}.Debug|Any CPU.Build.0 = Debug|Any CPU
		{4EC0C6BB-8760-4FD7-B0BC-AED41A9DC5E6}.Release|Any CPU.ActiveCfg = Release|Any CPU
		{4EC0C6BB-8760-4FD7-B0BC-AED41A9DC5E6}.Release|Any CPU.Build.0 = Release|Any CPU
		{20CC066B-6C0D-4697-AA24-39E6437337CC}.Debug|Any CPU.ActiveCfg = Debug|Any CPU
		{20CC066B-6C0D-4697-AA24-39E6437337CC}.Debug|Any CPU.Build.0 = Debug|Any CPU
		{20CC066B-6C0D-4697-AA24-39E6437337CC}.Release|Any CPU.ActiveCfg = Release|Any CPU
		{20CC066B-6C0D-4697-AA24-39E6437337CC}.Release|Any CPU.Build.0 = Release|Any CPU
	EndGlobalSection
	GlobalSection(SolutionProperties) = preSolution
		HideSolutionNode = FALSE
	EndGlobalSection
	GlobalSection(ExtensibilityGlobals) = postSolution
		SolutionGuid = {74A53C63-CD54-4F56-80AC-2D208E040839}
	EndGlobalSection
EndGlobal
